
Microsoft Visual Studio Solution File, Format Version 12.00
# Visual Studio Version 17
VisualStudioVersion = 17.1.32319.34
MinimumVisualStudioVersion = 10.0.40219.1
Project("{FAE04EC0-301F-11D3-BF4B-00C04F79EFBC}") = "HesapMakinesi", "HesapMakinesi\HesapMakinesi.csproj", "{D7406C6D-4D23-4DBD-8E8B-8EB19F4B274E}"
EndProject
Global
	GlobalSection(SolutionConfigurationPlatforms) = preSolution
		Debug|Any CPU = Debug|Any CPU
		Release|Any CPU = Release|Any CPU
	EndGlobalSection
	GlobalSection(ProjectConfigurationPlatforms) = postSolution
		{D7406C6D-4D23-4DBD-8E8B-8EB19F4B274E}.Debug|Any CPU.ActiveCfg = Debug|Any CPU
		{D7406C6D-4D23-4DBD-8E8B-8EB19F4B274E}.Debug|Any CPU.Build.0 = Debug|Any CPU
		{D7406C6D-4D23-4DBD-8E8B-8EB19F4B274E}.Release|Any CPU.ActiveCfg = Release|Any CPU
		{D7406C6D-4D23-4DBD-8E8B-8EB19F4B274E}.Release|Any CPU.Build.0 = Release|Any CPU
	EndGlobalSection
	GlobalSection(SolutionProperties) = preSolution
		HideSolutionNode = FALSE
	EndGlobalSection
	GlobalSection(ExtensibilityGlobals) = postSolution
		SolutionGuid = {977B738D-D783-4BBF-9819-72D4B2AB2E86}
	EndGlobalSection
EndGlobal
